
Microsoft Visual Studio Solution File, Format Version 12.00
# Visual Studio 14
VisualStudioVersion = 14.0.25123.0
MinimumVisualStudioVersion = 10.0.40219.1
Project("{FAE04EC0-301F-11D3-BF4B-00C04F79EFBC}") = "ComWithEmbeddedTypeLib", "ComWithEmbeddedTypeLib\ComWithEmbeddedTypeLib.csproj", "{DB8EB1BF-8657-4A47-907A-1ADE2EDB5F4E}"
	ProjectSection(ProjectDependencies) = postProject
		{3CBE79C4-72AE-4247-972B-BC8274EEF4A9} = {3CBE79C4-72AE-4247-972B-BC8274EEF4A9}
	EndProjectSection
EndProject
Project("{8BC9CEB8-8B4A-11D0-8D11-00A0C91BC942}") = "IComWithEmbeddedTypeLib", "IComWithEmbeddedTypeLib\IComWithEmbeddedTypeLib.vcxproj", "{3CBE79C4-72AE-4247-972B-BC8274EEF4A9}"
EndProject
Project("{2150E333-8FDC-42A3-9474-1A3956D46DE8}") = "Solution Items", "Solution Items", "{347E632C-C8A2-41E5-86EE-51DDAD39B300}"
	ProjectSection(SolutionItems) = preProject
		README.md = README.md
	EndProjectSection
EndProject
Global
	GlobalSection(SolutionConfigurationPlatforms) = preSolution
		Debug|x64 = Debug|x64
		Debug|x86 = Debug|x86
		Release|x64 = Release|x64
		Release|x86 = Release|x86
	EndGlobalSection
	GlobalSection(ProjectConfigurationPlatforms) = postSolution
		{DB8EB1BF-8657-4A47-907A-1ADE2EDB5F4E}.Debug|x64.ActiveCfg = Debug|x64
		{DB8EB1BF-8657-4A47-907A-1ADE2EDB5F4E}.Debug|x64.Build.0 = Debug|x64
		{DB8EB1BF-8657-4A47-907A-1ADE2EDB5F4E}.Debug|x86.ActiveCfg = Debug|x86
		{DB8EB1BF-8657-4A47-907A-1ADE2EDB5F4E}.Debug|x86.Build.0 = Debug|x86
		{DB8EB1BF-8657-4A47-907A-1ADE2EDB5F4E}.Release|x64.ActiveCfg = Release|x64
		{DB8EB1BF-8657-4A47-907A-1ADE2EDB5F4E}.Release|x64.Build.0 = Release|x64
		{DB8EB1BF-8657-4A47-907A-1ADE2EDB5F4E}.Release|x86.ActiveCfg = Release|x86
		{DB8EB1BF-8657-4A47-907A-1ADE2EDB5F4E}.Release|x86.Build.0 = Release|x86
		{3CBE79C4-72AE-4247-972B-BC8274EEF4A9}.Debug|x64.ActiveCfg = Debug|x64
		{3CBE79C4-72AE-4247-972B-BC8274EEF4A9}.Debug|x64.Build.0 = Debug|x64
		{3CBE79C4-72AE-4247-972B-BC8274EEF4A9}.Debug|x86.ActiveCfg = Debug|Win32
		{3CBE79C4-72AE-4247-972B-BC8274EEF4A9}.Debug|x86.Build.0 = Debug|Win32
		{3CBE79C4-72AE-4247-972B-BC8274EEF4A9}.Release|x64.ActiveCfg = Release|x64
		{3CBE79C4-72AE-4247-972B-BC8274EEF4A9}.Release|x64.Build.0 = Release|x64
		{3CBE79C4-72AE-4247-972B-BC8274EEF4A9}.Release|x86.ActiveCfg = Release|Win32
		{3CBE79C4-72AE-4247-972B-BC8274EEF4A9}.Release|x86.Build.0 = Release|Win32
	EndGlobalSection
	GlobalSection(SolutionProperties) = preSolution
		HideSolutionNode = FALSE
	EndGlobalSection
EndGlobal
